
Microsoft Visual Studio Solution File, Format Version 12.00
# Visual Studio 2012
Project("{FAE04EC0-301F-11D3-BF4B-00C04F79EFBC}") = "TavanTarkhis", "TavanTarkhis\TavanTarkhis.csproj", "{50CA69FC-D3E4-4254-A820-25E218DCB03D}"
EndProject
Project("{FAE04EC0-301F-11D3-BF4B-00C04F79EFBC}") = "Project.Test", "Project.Test\Project.Test.csproj", "{A581309D-C204-45F2-83D7-AC42D74530C1}"
EndProject
Global
	GlobalSection(SolutionConfigurationPlatforms) = preSolution
		Debug|Any CPU = Debug|Any CPU
		Release|Any CPU = Release|Any CPU
	EndGlobalSection
	GlobalSection(ProjectConfigurationPlatforms) = postSolution
		{50CA69FC-D3E4-4254-A820-25E218DCB03D}.Debug|Any CPU.ActiveCfg = Debug|Any CPU
		{50CA69FC-D3E4-4254-A820-25E218DCB03D}.Debug|Any CPU.Build.0 = Debug|Any CPU
		{50CA69FC-D3E4-4254-A820-25E218DCB03D}.Release|Any CPU.ActiveCfg = Release|Any CPU
		{50CA69FC-D3E4-4254-A820-25E218DCB03D}.Release|Any CPU.Build.0 = Release|Any CPU
		{A581309D-C204-45F2-83D7-AC42D74530C1}.Debug|Any CPU.ActiveCfg = Debug|Any CPU
		{A581309D-C204-45F2-83D7-AC42D74530C1}.Debug|Any CPU.Build.0 = Debug|Any CPU
		{A581309D-C204-45F2-83D7-AC42D74530C1}.Release|Any CPU.ActiveCfg = Release|Any CPU
		{A581309D-C204-45F2-83D7-AC42D74530C1}.Release|Any CPU.Build.0 = Release|Any CPU
	EndGlobalSection
	GlobalSection(SolutionProperties) = preSolution
		HideSolutionNode = FALSE
	EndGlobalSection
EndGlobal
